
Microsoft Visual Studio Solution File, Format Version 12.00
# Visual Studio Version 17
VisualStudioVersion = 17.0.31912.275
MinimumVisualStudioVersion = 10.0.40219.1
Project("{2150E333-8FDC-42A3-9474-1A3956D46DE8}") = "src", "src", "{248D1A88-D787-471B-9631-686CE75ECB89}"
EndProject
Project("{9A19103F-16F7-4668-BE54-9A1E7A4F7556}") = "Courserio.Api", "src\Courserio.Api\Courserio.Api.csproj", "{E1DF6CB9-BCD2-4134-9F71-37F39BFDAC8F}"
EndProject
Project("{9A19103F-16F7-4668-BE54-9A1E7A4F7556}") = "Courserio.Core", "src\Courserio.Core\Courserio.Core.csproj", "{CBEBEB8F-086C-469F-95DB-1B3C2844D4F2}"
EndProject
Project("{9A19103F-16F7-4668-BE54-9A1E7A4F7556}") = "Courserio.Infrastructure", "src\Courserio.Infrastructure\Courserio.Infrastructure.csproj", "{B97440E3-14FE-45B9-A983-2883EF0C44E0}"
EndProject
Project("{9A19103F-16F7-4668-BE54-9A1E7A4F7556}") = "Courserio.Keycloak", "src\Courserio.Keycloak\Courserio.Keycloak.csproj", "{4DF2518D-DEFD-4CB9-B199-B8AFD0D88504}"
EndProject
Project("{2150E333-8FDC-42A3-9474-1A3956D46DE8}") = "Solution Items", "Solution Items", "{AB36CC20-443F-490C-A983-C0CE4CC376D8}"
	ProjectSection(SolutionItems) = preProject
		.gitlab-ci.yml = .gitlab-ci.yml
		Dockerfile = Dockerfile
	EndProjectSection
EndProject
Global
	GlobalSection(SolutionConfigurationPlatforms) = preSolution
		Debug|Any CPU = Debug|Any CPU
		Release|Any CPU = Release|Any CPU
	EndGlobalSection
	GlobalSection(ProjectConfigurationPlatforms) = postSolution
		{E1DF6CB9-BCD2-4134-9F71-37F39BFDAC8F}.Debug|Any CPU.ActiveCfg = Debug|Any CPU
		{E1DF6CB9-BCD2-4134-9F71-37F39BFDAC8F}.Debug|Any CPU.Build.0 = Debug|Any CPU
		{E1DF6CB9-BCD2-4134-9F71-37F39BFDAC8F}.Release|Any CPU.ActiveCfg = Release|Any CPU
		{E1DF6CB9-BCD2-4134-9F71-37F39BFDAC8F}.Release|Any CPU.Build.0 = Release|Any CPU
		{CBEBEB8F-086C-469F-95DB-1B3C2844D4F2}.Debug|Any CPU.ActiveCfg = Debug|Any CPU
		{CBEBEB8F-086C-469F-95DB-1B3C2844D4F2}.Debug|Any CPU.Build.0 = Debug|Any CPU
		{CBEBEB8F-086C-469F-95DB-1B3C2844D4F2}.Release|Any CPU.ActiveCfg = Release|Any CPU
		{CBEBEB8F-086C-469F-95DB-1B3C2844D4F2}.Release|Any CPU.Build.0 = Release|Any CPU
		{B97440E3-14FE-45B9-A983-2883EF0C44E0}.Debug|Any CPU.ActiveCfg = Debug|Any CPU
		{B97440E3-14FE-45B9-A983-2883EF0C44E0}.Debug|Any CPU.Build.0 = Debug|Any CPU
		{B97440E3-14FE-45B9-A983-2883EF0C44E0}.Release|Any CPU.ActiveCfg = Release|Any CPU
		{B97440E3-14FE-45B9-A983-2883EF0C44E0}.Release|Any CPU.Build.0 = Release|Any CPU
		{4DF2518D-DEFD-4CB9-B199-B8AFD0D88504}.Debug|Any CPU.ActiveCfg = Debug|Any CPU
		{4DF2518D-DEFD-4CB9-B199-B8AFD0D88504}.Debug|Any CPU.Build.0 = Debug|Any CPU
		{4DF2518D-DEFD-4CB9-B199-B8AFD0D88504}.Release|Any CPU.ActiveCfg = Release|Any CPU
		{4DF2518D-DEFD-4CB9-B199-B8AFD0D88504}.Release|Any CPU.Build.0 = Release|Any CPU
	EndGlobalSection
	GlobalSection(SolutionProperties) = preSolution
		HideSolutionNode = FALSE
	EndGlobalSection
	GlobalSection(NestedProjects) = preSolution
		{E1DF6CB9-BCD2-4134-9F71-37F39BFDAC8F} = {248D1A88-D787-471B-9631-686CE75ECB89}
		{CBEBEB8F-086C-469F-95DB-1B3C2844D4F2} = {248D1A88-D787-471B-9631-686CE75ECB89}
		{B97440E3-14FE-45B9-A983-2883EF0C44E0} = {248D1A88-D787-471B-9631-686CE75ECB89}
		{4DF2518D-DEFD-4CB9-B199-B8AFD0D88504} = {248D1A88-D787-471B-9631-686CE75ECB89}
	EndGlobalSection
	GlobalSection(ExtensibilityGlobals) = postSolution
		SolutionGuid = {22080479-5160-40A2-B70E-034F3E61B191}
	EndGlobalSection
EndGlobal
